dependencies:
  espressif/esp-dsp:
    component_hash: 3e7bbd487f1357a1d4944d0c85966d049501ea281b8a4c7f93f7cfedd5b7f23d
    source:
      service_url: https://api.components.espressif.com/
      type: service
    version: 1.4.12
  idf:
    component_hash: null
    source:
      type: idf
    version: 5.0.7
manifest_hash: f683f55f3a3b646b77c74bb16bdac9c05d5e00127a4bccc454a3b879855c223a
target: esp32s3
version: 1.0.0
